// !$*UTF8*$!
{
	archiveVersion = 1;
	classes = {
	};
	objectVersion = 46;
	objects = {

/* Begin PBXBuildFile section */
		848174471CE7782A00F41E30 /* AppDelegate.swift in Sources */ = {isa = PBXBuildFile; fileRef = 848174461CE7782A00F41E30 /* AppDelegate.swift */; };
		8481744C1CE7782A00F41E30 /* Main.storyboard in Resources */ = {isa = PBXBuildFile; fileRef = 8481744A1CE7782A00F41E30 /* Main.storyboard */; };
		8481744E1CE7782A00F41E30 /* Assets.xcassets in Resources */ = {isa = PBXBuildFile; fileRef = 8481744D1CE7782A00F41E30 /* Assets.xcassets */; };
		848174511CE7782A00F41E30 /* LaunchScreen.storyboard in Resources */ = {isa = PBXBuildFile; fileRef = 8481744F1CE7782A00F41E30 /* LaunchScreen.storyboard */; };
		8481745B1CE77A6800F41E30 /* Catatan.swift in Sources */ = {isa = PBXBuildFile; fileRef = 8481745A1CE77A6800F41E30 /* Catatan.swift */; };
		8481745D1CE7826700F41E30 /* CatatanTableViewController.swift in Sources */ = {isa = PBXBuildFile; fileRef = 8481745C1CE7826700F41E30 /* CatatanTableViewController.swift */; };
		F7FEAEDC1CEC93C200DE1CB0 /* CatatanDetailViewController.swift in Sources */ = {isa = PBXBuildFile; fileRef = F7FEAEDB1CEC93C200DE1CB0 /* CatatanDetailViewController.swift */; };
		F7FEAEDE1CECA41300DE1CB0 /* AddCatatanViewController.swift in Sources */ = {isa = PBXBuildFile; fileRef = F7FEAEDD1CECA41300DE1CB0 /* AddCatatanViewController.swift */; };
		F7FEAEE01CECA97100DE1CB0 /* CoreData.framework in Frameworks */ = {isa = PBXBuildFile; fileRef = F7FEAEDF1CECA97100DE1CB0 /* CoreData.framework */; };
		F7FEAEE31CECA9D700DE1CB0 /* Catatan.xcdatamodeld in Sources */ = {isa = PBXBuildFile; fileRef = F7FEAEE11CECA9D700DE1CB0 /* Catatan.xcdatamodeld */; };
/* End PBXBuildFile section */

/* Begin PBXFileReference section */
		848174431CE7782900F41E30 /* Reminder.app */ = {isa = PBXFileReference; explicitFileType = wrapper.application; includeInIndex = 0; path = Reminder.app; sourceTree = BUILT_PRODUCTS_DIR; };
		848174461CE7782A00F41E30 /* AppDelegate.swift */ = {isa = PBXFileReference; lastKnownFileType = sourcecode.swift; path = AppDelegate.swift; sourceTree = "<group>"; };
		8481744B1CE7782A00F41E30 /* Base */ = {isa = PBXFileReference; lastKnownFileType = file.storyboard; name = Base; path = Base.lproj/Main.storyboard; sourceTree = "<group>"; };
		8481744D1CE7782A00F41E30 /* Assets.xcassets */ = {isa = PBXFileReference; lastKnownFileType = folder.assetcatalog; path = Assets.xcassets; sourceTree = "<group>"; };
		848174501CE7782A00F41E30 /* Base */ = {isa = PBXFileReference; lastKnownFileType = file.storyboard; name = Base; path = Base.lproj/LaunchScreen.storyboard; sourceTree = "<group>"; };
		848174521CE7782A00F41E30 /* Info.plist */ = {isa = PBXFileReference; lastKnownFileType = text.plist.xml; path = Info.plist; sourceTree = "<group>"; };
		8481745A1CE77A6800F41E30 /* Catatan.swift */ = {isa = PBXFileReference; fileEncoding = 4; lastKnownFileType = sourcecode.swift; path = Catatan.swift; sourceTree = "<group>"; };
		8481745C1CE7826700F41E30 /* CatatanTableViewController.swift */ = {isa = PBXFileReference; fileEncoding = 4; lastKnownFileType = sourcecode.swift; path = CatatanTableViewController.swift; sourceTree = "<group>"; };
		F7FEAEDB1CEC93C200DE1CB0 /* CatatanDetailViewController.swift */ = {isa = PBXFileReference; fileEncoding = 4; lastKnownFileType = sourcecode.swift; path = CatatanDetailViewController.swift; sourceTree = "<group>"; };
		F7FEAEDD1CECA41300DE1CB0 /* AddCatatanViewController.swift */ = {isa = PBXFileReference; fileEncoding = 4; lastKnownFileType = sourcecode.swift; path = AddCatatanViewController.swift; sourceTree = "<group>"; };
		F7FEAEDF1CECA97100DE1CB0 /* CoreData.framework */ = {isa = PBXFileReference; lastKnownFileType = wrapper.framework; name = CoreData.framework; path = System/Library/Frameworks/CoreData.framework; sourceTree = SDKROOT; };
		F7FEAEE21CECA9D700DE1CB0 /* Catatan.xcdatamodel */ = {isa = PBXFileReference; lastKnownFileType = wrapper.xcdatamodel; path = Catatan.xcdatamodel; sourceTree = "<group>"; };
/* End PBXFileReference section */

/* Begin PBXFrameworksBuildPhase section */
		848174401CE7782900F41E30 /* Frameworks */ = {
			isa = PBXFrameworksBuildPhase;
			buildActionMask = 2147483647;
			files = (
				F7FEAEE01CECA97100DE1CB0 /* CoreData.framework in Frameworks */,
			);
			runOnlyForDeploymentPostprocessing = 0;
		};
/* End PBXFrameworksBuildPhase section */

/* Begin PBXGroup section */
		8481743A1CE7782900F41E30 = {
			isa = PBXGroup;
			children = (
				F7FEAEDF1CECA97100DE1CB0 /* CoreData.framework */,
				848174451CE7782A00F41E30 /* Reminder */,
				848174441CE7782900F41E30 /* Products */,
			);
			sourceTree = "<group>";
		};
		848174441CE7782900F41E30 /* Products */ = {
			isa = PBXGroup;
			children = (
				848174431CE7782900F41E30 /* Reminder.app */,
			);
			name = Products;
			sourceTree = "<group>";
		};
		848174451CE7782A00F41E30 /* Reminder */ = {
			isa = PBXGroup;
			children = (
				F7FEAEDB1CEC93C200DE1CB0 /* CatatanDetailViewController.swift */,
				8481745C1CE7826700F41E30 /* CatatanTableViewController.swift */,
				8481745A1CE77A6800F41E30 /* Catatan.swift */,
				848174461CE7782A00F41E30 /* AppDelegate.swift */,
				8481744A1CE7782A00F41E30 /* Main.storyboard */,
				F7FEAEDD1CECA41300DE1CB0 /* AddCatatanViewController.swift */,
				8481744D1CE7782A00F41E30 /* Assets.xcassets */,
				8481744F1CE7782A00F41E30 /* LaunchScreen.storyboard */,
				848174521CE7782A00F41E30 /* Info.plist */,
				F7FEAEE11CECA9D700DE1CB0 /* Catatan.xcdatamodeld */,
			);
			path = Reminder;
			sourceTree = "<group>";
		};
/* End PBXGroup section */

/* Begin PBXNativeTarget section */
		848174421CE7782900F41E30 /* Reminder */ = {
			isa = PBXNativeTarget;
			buildConfigurationList = 848174551CE7782A00F41E30 /* Build configuration list for PBXNativeTarget "Reminder" */;
			buildPhases = (
				8481743F1CE7782900F41E30 /* Sources */,
				848174401CE7782900F41E30 /* Frameworks */,
				848174411CE7782900F41E30 /* Resources */,
			);
			buildRules = (
			);
			dependencies = (
			);
			name = Reminder;
			productName = Reminder;
			productReference = 848174431CE7782900F41E30 /* Reminder.app */;
			productType = "com.apple.product-type.application";
		};
/* End PBXNativeTarget section */

/* Begin PBXProject section */
		8481743B1CE7782900F41E30 /* Project object */ = {
			isa = PBXProject;
			attributes = {
				LastSwiftUpdateCheck = 0730;
				LastUpgradeCheck = 0730;
				ORGANIZATIONNAME = gitavns;
				TargetAttributes = {
					848174421CE7782900F41E30 = {
						CreatedOnToolsVersion = 7.3.1;
						DevelopmentTeam = 2892EQ3T7Y;
					};
				};
			};
			buildConfigurationList = 8481743E1CE7782900F41E30 /* Build configuration list for PBXProject "Reminder" */;
			compatibilityVersion = "Xcode 3.2";
			developmentRegion = English;
			hasScannedForEncodings = 0;
			knownRegions = (
				en,
				Base,
			);
			mainGroup = 8481743A1CE7782900F41E30;
			productRefGroup = 848174441CE7782900F41E30 /* Products */;
			projectDirPath = "";
			projectRoot = "";
			targets = (
				848174421CE7782900F41E30 /* Reminder */,
			);
		};
/* End PBXProject section */

/* Begin PBXResourcesBuildPhase section */
		848174411CE7782900F41E30 /* Resources */ = {
			isa = PBXResourcesBuildPhase;
			buildActionMask = 2147483647;
			files = (
				848174511CE7782A00F41E30 /* LaunchScreen.storyboard in Resources */,
				8481744E1CE7782A00F41E30 /* Assets.xcassets in Resources */,
				8481744C1CE7782A00F41E30 /* Main.storyboard in Resources */,
			);
			runOnlyForDeploymentPostprocessing = 0;
		};
/* End PBXResourcesBuildPhase section */

/* Begin PBXSourcesBuildPhase section */
		8481743F1CE7782900F41E30 /* Sources */ = {
			isa = PBXSourcesBuildPhase;
			buildActionMask = 2147483647;
			files = (
				8481745B1CE77A6800F41E30 /* Catatan.swift in Sources */,
				848174471CE7782A00F41E30 /* AppDelegate.swift in Sources */,
				F7FEAEDE1CECA41300DE1CB0 /* AddCatatanViewController.swift in Sources */,
				F7FEAEDC1CEC93C200DE1CB0 /* CatatanDetailViewController.swift in Sources */,
				F7FEAEE31CECA9D700DE1CB0 /* Catatan.xcdatamodeld in Sources */,
				8481745D1CE7826700F41E30 /* CatatanTableViewController.swift in Sources */,
			);
			runOnlyForDeploymentPostprocessing = 0;
		};
/* End PBXSourcesBuildPhase section */

/* Begin PBXVariantGroup section */
		8481744A1CE7782A00F41E30 /* Main.storyboard */ = {
			isa = PBXVariantGroup;
			children = (
				8481744B1CE7782A00F41E30 /* Base */,
			);
			name = Main.storyboard;
			sourceTree = "<group>";
		};
		8481744F1CE7782A00F41E30 /* LaunchScreen.storyboard */ = {
			isa = PBXVariantGroup;
			children = (
				848174501CE7782A00F41E30 /* Base */,
			);
			name = LaunchScreen.storyboard;
			sourceTree = "<group>";
		};
/* End PBXVariantGroup section */

/* Begin XCBuildConfiguration section */
		848174531CE7782A00F41E30 /* Debug */ = {
			isa = XCBuildConfiguration;
			buildSettings = {
				ALWAYS_SEARCH_USER_PATHS = NO;
				CLANG_ANALYZER_NONNULL = YES;
				CLANG_CXX_LANGUAGE_STANDARD = "gnu++0x";
				CLANG_CXX_LIBRARY = "libc++";
				CLANG_ENABLE_MODULES = YES;
				CLANG_ENABLE_OBJC_ARC = YES;
				CLANG_WARN_BOOL_CONVERSION = YES;
				CLANG_WARN_CONSTANT_CONVERSION = YES;
				CLANG_WARN_DIRECT_OBJC_ISA_USAGE = YES_ERROR;
				CLANG_WARN_EMPTY_BODY = YES;
				CLANG_WARN_ENUM_CONVERSION = YES;
				CLANG_WARN_INT_CONVERSION = YES;
				CLANG_WARN_OBJC_ROOT_CLASS = YES_ERROR;
				CLANG_WARN_UNREACHABLE_CODE = YES;
				CLANG_WARN__DUPLICATE_METHOD_MATCH = YES;
				"CODE_SIGN_IDENTITY[sdk=iphoneos*]" = "iPhone Developer";
				COPY_PHASE_STRIP = NO;
				DEBUG_INFORMATION_FORMAT = dwarf;
				ENABLE_STRICT_OBJC_MSGSEND = YES;
				ENABLE_TESTABILITY = YES;
				GCC_C_LANGUAGE_STANDARD = gnu99;
				GCC_DYNAMIC_NO_PIC = NO;
				GCC_NO_COMMON_BLOCKS = YES;
				GCC_OPTIMIZATION_LEVEL = 0;
				GCC_PREPROCESSOR_DEFINITIONS = (
					"DEBUG=1",
					"$(inherited)",
				);
				GCC_WARN_64_TO_32_BIT_CONVERSION = YES;
				GCC_WARN_ABOUT_RETURN_TYPE = YES_ERROR;
				GCC_WARN_UNDECLARED_SELECTOR = YES;
				GCC_WARN_UNINITIALIZED_AUTOS = YES_AGGRESSIVE;
				GCC_WARN_UNUSED_FUNCTION = YES;
				GCC_WARN_UNUSED_VARIABLE = YES;
				IPHONEOS_DEPLOYMENT_TARGET = 9.3;
				MTL_ENABLE_DEBUG_INFO = YES;
				ONLY_ACTIVE_ARCH = YES;
				SDKROOT = iphoneos;
				SWIFT_OPTIMIZATION_LEVEL = "-Onone";
			};
			name = Debug;
		};
		848174541CE7782A00F41E30 /* Release */ = {
			isa = XCBuildConfiguration;
			buildSettings = {
				ALWAYS_SEARCH_USER_PATHS = NO;
				CLANG_ANALYZER_NONNULL = YES;
				CLANG_CXX_LANGUAGE_STANDARD = "gnu++0x";
				CLANG_CXX_LIBRARY = "libc++";
				CLANG_ENABLE_MODULES = YES;
				CLANG_ENABLE_OBJC_ARC = YES;
				CLANG_WARN_BOOL_CONVERSION = YES;
				CLANG_WARN_CONSTANT_CONVERSION = YES;
				CLANG_WARN_DIRECT_OBJC_ISA_USAGE = YES_ERROR;
				CLANG_WARN_EMPTY_BODY = YES;
				CLANG_WARN_ENUM_CONVERSION = YES;
				CLANG_WARN_INT_CONVERSION = YES;
				CLANG_WARN_OBJC_ROOT_CLASS = YES_ERROR;
				CLANG_WARN_UNREACHABLE_CODE = YES;
				CLANG_WARN__DUPLICATE_METHOD_MATCH = YES;
				"CODE_SIGN_IDENTITY[sdk=iphoneos*]" = "iPhone Developer";
				COPY_PHASE_STRIP = NO;
				DEBUG_INFORMATION_FORMAT = "dwarf-with-dsym";
				ENABLE_NS_ASSERTIONS = NO;
				ENABLE_STRICT_OBJC_MSGSEND = YES;
				GCC_C_LANGUAGE_STANDARD = gnu99;
				GCC_NO_COMMON_BLOCKS = YES;
				GCC_WARN_64_TO_32_BIT_CONVERSION = YES;
				GCC_WARN_ABOUT_RETURN_TYPE = YES_ERROR;
				GCC_WARN_UNDECLARED_SELECTOR = YES;
				GCC_WARN_UNINITIALIZED_AUTOS = YES_AGGRESSIVE;
				GCC_WARN_UNUSED_FUNCTION = YES;
				GCC_WARN_UNUSED_VARIABLE = YES;
				IPHONEOS_DEPLOYMENT_TARGET = 9.3;
				MTL_ENABLE_DEBUG_INFO = NO;
				SDKROOT = iphoneos;
				VALIDATE_PRODUCT = YES;
			};
			name = Release;
		};
		848174561CE7782A00F41E30 /* Debug */ = {
			isa = XCBuildConfiguration;
			buildSettings = {
				ASSETCATALOG_COMPILER_APPICON_NAME = AppIcon;
				CODE_SIGN_IDENTITY = "iPhone Developer";
				"CODE_SIGN_IDENTITY[sdk=iphoneos*]" = "iPhone Developer";
				INFOPLIST_FILE = Reminder/Info.plist;
				LD_RUNPATH_SEARCH_PATHS = "$(inherited) @executable_path/Frameworks";
				PRODUCT_BUNDLE_IDENTIFIER = gitavns.Reminder;
				PRODUCT_NAME = "$(TARGET_NAME)";
				PROVISIONING_PROFILE = "";
			};
			name = Debug;
		};
		848174571CE7782A00F41E30 /* Release */ = {
			isa = XCBuildConfiguration;
			buildSettings = {
				ASSETCATALOG_COMPILER_APPICON_NAME = AppIcon;
				CODE_SIGN_IDENTITY = "iPhone Developer";
				"CODE_SIGN_IDENTITY[sdk=iphoneos*]" = "iPhone Developer";
				INFOPLIST_FILE = Reminder/Info.plist;
				LD_RUNPATH_SEARCH_PATHS = "$(inherited) @executable_path/Frameworks";
				PRODUCT_BUNDLE_IDENTIFIER = gitavns.Reminder;
				PRODUCT_NAME = "$(TARGET_NAME)";
				PROVISIONING_PROFILE = "";
			};
			name = Release;
		};
/* End XCBuildConfiguration section */

/* Begin XCConfigurationList section */
		8481743E1CE7782900F41E30 /* Build configuration list for PBXProject "Reminder" */ = {
			isa = XCConfigurationList;
			buildConfigurations = (
				848174531CE7782A00F41E30 /* Debug */,
				848174541CE7782A00F41E30 /* Release */,
			);
			defaultConfigurationIsVisible = 0;
			defaultConfigurationName = Release;
		};
		848174551CE7782A00F41E30 /* Build configuration list for PBXNativeTarget "Reminder" */ = {
			isa = XCConfigurationList;
			buildConfigurations = (
				848174561CE7782A00F41E30 /* Debug */,
				848174571CE7782A00F41E30 /* Release */,
			);
			defaultConfigurationIsVisible = 0;
			defaultConfigurationName = Release;
		};
/* End XCConfigurationList section */

/* Begin XCVersionGroup section */
		F7FEAEE11CECA9D700DE1CB0 /* Catatan.xcdatamodeld */ = {
			isa = XCVersionGroup;
			children = (
				F7FEAEE21CECA9D700DE1CB0 /* Catatan.xcdatamodel */,
			);
			currentVersion = F7FEAEE21CECA9D700DE1CB0 /* Catatan.xcdatamodel */;
			path = Catatan.xcdatamodeld;
			sourceTree = "<group>";
			versionGroupType = wrapper.xcdatamodel;
		};
/* End XCVersionGroup section */
	};
	rootObject = 8481743B1CE7782900F41E30 /* Project object */;
}
